
Microsoft Visual Studio Solution File, Format Version 12.00
# Visual Studio Version 17
VisualStudioVersion = 17.0.31903.59
MinimumVisualStudioVersion = 10.0.40219.1
Project("{9A19103F-16F7-4668-BE54-9A1E7A4F7556}") = "WisdomPetMedicine", "WisdomPetMedicine\WisdomPetMedicine.csproj", "{ED5EF8BE-8154-45AA-8E17-1128A7277F22}"
EndProject
Global
	GlobalSection(SolutionConfigurationPlatforms) = preSolution
		Debug|Any CPU = Debug|Any CPU
		Release|Any CPU = Release|Any CPU
	EndGlobalSection
	GlobalSection(ProjectConfigurationPlatforms) = postSolution
		{ED5EF8BE-8154-45AA-8E17-1128A7277F22}.Debug|Any CPU.ActiveCfg = Debug|Any CPU
		{ED5EF8BE-8154-45AA-8E17-1128A7277F22}.Debug|Any CPU.Build.0 = Debug|Any CPU
		{ED5EF8BE-8154-45AA-8E17-1128A7277F22}.Debug|Any CPU.Deploy.0 = Debug|Any CPU
		{ED5EF8BE-8154-45AA-8E17-1128A7277F22}.Release|Any CPU.ActiveCfg = Release|Any CPU
		{ED5EF8BE-8154-45AA-8E17-1128A7277F22}.Release|Any CPU.Build.0 = Release|Any CPU
	EndGlobalSection
	GlobalSection(SolutionProperties) = preSolution
		HideSolutionNode = FALSE
	EndGlobalSection
	GlobalSection(ExtensibilityGlobals) = postSolution
		SolutionGuid = {887562A7-87E3-466D-BAFE-94056B5FB118}
	EndGlobalSection
EndGlobal
